
Microsoft Visual Studio Solution File, Format Version 12.00
# Visual Studio Version 17
VisualStudioVersion = 17.0.32112.339
MinimumVisualStudioVersion = 10.0.40219.1
Project("{FAE04EC0-301F-11D3-BF4B-00C04F79EFBC}") = "TCPSockets", "TCPSockets\TCPSockets.csproj", "{A276CA5E-DBBD-4345-8A84-8C4FE5D69A16}"
EndProject
Project("{FAE04EC0-301F-11D3-BF4B-00C04F79EFBC}") = "Odjemalec", "Odjemalec\Odjemalec.csproj", "{17D5A86F-EAB2-4090-8D37-4A2B4E2B5706}"
EndProject
Project("{9A19103F-16F7-4668-BE54-9A1E7A4F7556}") = "Streznik", "Streznik\Streznik.csproj", "{C4796B9D-E342-4048-AD61-E19D48F55F3E}"
EndProject
Global
	GlobalSection(SolutionConfigurationPlatforms) = preSolution
		Debug|Any CPU = Debug|Any CPU
		Debug|x86 = Debug|x86
		Release|Any CPU = Release|Any CPU
		Release|x86 = Release|x86
	EndGlobalSection
	GlobalSection(ProjectConfigurationPlatforms) = postSolution
		{A276CA5E-DBBD-4345-8A84-8C4FE5D69A16}.Debug|Any CPU.ActiveCfg = Debug|x86
		{A276CA5E-DBBD-4345-8A84-8C4FE5D69A16}.Debug|Any CPU.Build.0 = Debug|x86
		{A276CA5E-DBBD-4345-8A84-8C4FE5D69A16}.Debug|x86.ActiveCfg = Debug|x86
		{A276CA5E-DBBD-4345-8A84-8C4FE5D69A16}.Debug|x86.Build.0 = Debug|x86
		{A276CA5E-DBBD-4345-8A84-8C4FE5D69A16}.Release|Any CPU.ActiveCfg = Release|x86
		{A276CA5E-DBBD-4345-8A84-8C4FE5D69A16}.Release|Any CPU.Build.0 = Release|x86
		{A276CA5E-DBBD-4345-8A84-8C4FE5D69A16}.Release|x86.ActiveCfg = Release|x86
		{A276CA5E-DBBD-4345-8A84-8C4FE5D69A16}.Release|x86.Build.0 = Release|x86
		{17D5A86F-EAB2-4090-8D37-4A2B4E2B5706}.Debug|Any CPU.ActiveCfg = Debug|Any CPU
		{17D5A86F-EAB2-4090-8D37-4A2B4E2B5706}.Debug|Any CPU.Build.0 = Debug|Any CPU
		{17D5A86F-EAB2-4090-8D37-4A2B4E2B5706}.Debug|x86.ActiveCfg = Debug|Any CPU
		{17D5A86F-EAB2-4090-8D37-4A2B4E2B5706}.Debug|x86.Build.0 = Debug|Any CPU
		{17D5A86F-EAB2-4090-8D37-4A2B4E2B5706}.Release|Any CPU.ActiveCfg = Release|Any CPU
		{17D5A86F-EAB2-4090-8D37-4A2B4E2B5706}.Release|Any CPU.Build.0 = Release|Any CPU
		{17D5A86F-EAB2-4090-8D37-4A2B4E2B5706}.Release|x86.ActiveCfg = Release|Any CPU
		{17D5A86F-EAB2-4090-8D37-4A2B4E2B5706}.Release|x86.Build.0 = Release|Any CPU
		{C4796B9D-E342-4048-AD61-E19D48F55F3E}.Debug|Any CPU.ActiveCfg = Debug|Any CPU
		{C4796B9D-E342-4048-AD61-E19D48F55F3E}.Debug|Any CPU.Build.0 = Debug|Any CPU
		{C4796B9D-E342-4048-AD61-E19D48F55F3E}.Debug|x86.ActiveCfg = Debug|Any CPU
		{C4796B9D-E342-4048-AD61-E19D48F55F3E}.Debug|x86.Build.0 = Debug|Any CPU
		{C4796B9D-E342-4048-AD61-E19D48F55F3E}.Release|Any CPU.ActiveCfg = Release|Any CPU
		{C4796B9D-E342-4048-AD61-E19D48F55F3E}.Release|Any CPU.Build.0 = Release|Any CPU
		{C4796B9D-E342-4048-AD61-E19D48F55F3E}.Release|x86.ActiveCfg = Release|Any CPU
		{C4796B9D-E342-4048-AD61-E19D48F55F3E}.Release|x86.Build.0 = Release|Any CPU
	EndGlobalSection
	GlobalSection(SolutionProperties) = preSolution
		HideSolutionNode = FALSE
	EndGlobalSection
	GlobalSection(ExtensibilityGlobals) = postSolution
		SolutionGuid = {1E305634-98BD-459B-BAD3-1505A9CFED70}
	EndGlobalSection
EndGlobal
